
Microsoft Visual Studio Solution File, Format Version 12.00
# Visual Studio Version 17
VisualStudioVersion = 17.13.35825.156 d17.13
MinimumVisualStudioVersion = 10.0.40219.1
Project("{FAE04EC0-301F-11D3-BF4B-00C04F79EFBC}") = "CybersecurityAwarenessBot", "CybersecurityAwarenessBot\CybersecurityAwarenessBot.csproj", "{DCF0A048-BEBB-4C79-964B-F7BF958090D8}"
EndProject
Global
	GlobalSection(SolutionConfigurationPlatforms) = preSolution
		Debug|Any CPU = Debug|Any CPU
		Release|Any CPU = Release|Any CPU
	EndGlobalSection
	GlobalSection(ProjectConfigurationPlatforms) = postSolution
		{DCF0A048-BEBB-4C79-964B-F7BF958090D8}.Debug|Any CPU.ActiveCfg = Debug|Any CPU
		{DCF0A048-BEBB-4C79-964B-F7BF958090D8}.Debug|Any CPU.Build.0 = Debug|Any CPU
		{DCF0A048-BEBB-4C79-964B-F7BF958090D8}.Release|Any CPU.ActiveCfg = Release|Any CPU
		{DCF0A048-BEBB-4C79-964B-F7BF958090D8}.Release|Any CPU.Build.0 = Release|Any CPU
	EndGlobalSection
	GlobalSection(SolutionProperties) = preSolution
		HideSolutionNode = FALSE
	EndGlobalSection
	GlobalSection(ExtensibilityGlobals) = postSolution
		SolutionGuid = {350E238F-7879-4F9D-AE07-116EE2E4D696}
	EndGlobalSection
EndGlobal
